// !$*UTF8*$!
{
	archiveVersion = 1;
	classes = {
	};
	objectVersion = 50;
	objects = {

/* Begin PBXBuildFile section */
		FF3C82C0211706C400BC693A /* AppDelegate.swift in Sources */ = {isa = PBXBuildFile; fileRef = FF3C82BF211706C400BC693A /* AppDelegate.swift */; };
		FF3C82C2211706C400BC693A /* MainViewController.swift in Sources */ = {isa = PBXBuildFile; fileRef = FF3C82C1211706C400BC693A /* MainViewController.swift */; };
		FF3C82CA211706C500BC693A /* Assets.xcassets in Resources */ = {isa = PBXBuildFile; fileRef = FF3C82C9211706C500BC693A /* Assets.xcassets */; };
		FF3C82CD211706C500BC693A /* LaunchScreen.storyboard in Resources */ = {isa = PBXBuildFile; fileRef = FF3C82CB211706C500BC693A /* LaunchScreen.storyboard */; };
		FF3EB624214AE37800F0FD04 /* WeightSelectorDelegate.swift in Sources */ = {isa = PBXBuildFile; fileRef = FF3EB623214AE37800F0FD04 /* WeightSelectorDelegate.swift */; };
		FF3EB691214E6F1400F0FD04 /* Model.xcdatamodeld in Sources */ = {isa = PBXBuildFile; fileRef = FF3EB68F214E6F1400F0FD04 /* Model.xcdatamodeld */; };
		FF3EB693214E6F2200F0FD04 /* DataStore.swift in Sources */ = {isa = PBXBuildFile; fileRef = FF3EB692214E6F2200F0FD04 /* DataStore.swift */; };
		FF3EB698214E721C00F0FD04 /* CoreData+.swift in Sources */ = {isa = PBXBuildFile; fileRef = FF3EB697214E721C00F0FD04 /* CoreData+.swift */; };
		FF3EB69D214E9B5D00F0FD04 /* MainInteractor.swift in Sources */ = {isa = PBXBuildFile; fileRef = FF3EB69C214E9B5D00F0FD04 /* MainInteractor.swift */; };
		FF3EB69F214E9B6F00F0FD04 /* AddDataInteractor.swift in Sources */ = {isa = PBXBuildFile; fileRef = FF3EB69E214E9B6F00F0FD04 /* AddDataInteractor.swift */; };
		FF598FF4212340BE0022F931 /* CustomButton.swift in Sources */ = {isa = PBXBuildFile; fileRef = FF598FF3212340BE0022F931 /* CustomButton.swift */; };
		FF757BF8212DE75500E81D50 /* AddDataVCToMainVCTransition.swift in Sources */ = {isa = PBXBuildFile; fileRef = FF757BF7212DE75500E81D50 /* AddDataVCToMainVCTransition.swift */; };
		FF949B562135BA0500C00D1A /* UIImageView+.swift in Sources */ = {isa = PBXBuildFile; fileRef = FF949B552135BA0500C00D1A /* UIImageView+.swift */; };
		FF949B582137351C00C00D1A /* GenderSelectorDelegate.swift in Sources */ = {isa = PBXBuildFile; fileRef = FF949B572137351C00C00D1A /* GenderSelectorDelegate.swift */; };
		FF96B431215415AB0032805D /* Gender.swift in Sources */ = {isa = PBXBuildFile; fileRef = FF96B430215415AB0032805D /* Gender.swift */; };
		FF96B433215415FB0032805D /* UserDefaultKeys.swift in Sources */ = {isa = PBXBuildFile; fileRef = FF96B432215415FB0032805D /* UserDefaultKeys.swift */; };
		FF96B4382156BA520032805D /* CFModern-Regular.ttf in Resources */ = {isa = PBXBuildFile; fileRef = FF96B4372156BA520032805D /* CFModern-Regular.ttf */; };
		FF96B43A2156BA770032805D /* CustomLabel.swift in Sources */ = {isa = PBXBuildFile; fileRef = FF96B4392156BA770032805D /* CustomLabel.swift */; };
		FF96B43C2156C3D90032805D /* ModernSans-Regular.ttf in Resources */ = {isa = PBXBuildFile; fileRef = FF96B43B2156C3D90032805D /* ModernSans-Regular.ttf */; };
		FF9EA6F42124474A002E617E /* AddDataViewController.swift in Sources */ = {isa = PBXBuildFile; fileRef = FF9EA6F32124474A002E617E /* AddDataViewController.swift */; };
		FF9EA6F721248FAB002E617E /* UIColor+.swift in Sources */ = {isa = PBXBuildFile; fileRef = FF9EA6F621248FAB002E617E /* UIColor+.swift */; };
		FF9EA6FA21249121002E617E /* GenderSelector.swift in Sources */ = {isa = PBXBuildFile; fileRef = FF9EA6F921249121002E617E /* GenderSelector.swift */; };
		FF9EA6FC2124912C002E617E /* HeightSelector.swift in Sources */ = {isa = PBXBuildFile; fileRef = FF9EA6FB2124912C002E617E /* HeightSelector.swift */; };
		FF9EA6FE21249141002E617E /* WeightSelector.swift in Sources */ = {isa = PBXBuildFile; fileRef = FF9EA6FD21249141002E617E /* WeightSelector.swift */; };
		FF9EA7002124929A002E617E /* PacmanToggle.swift in Sources */ = {isa = PBXBuildFile; fileRef = FF9EA6FF2124929A002E617E /* PacmanToggle.swift */; };
		FF9EA7032129DE4D002E617E /* PacmanToggleDelegate.swift in Sources */ = {isa = PBXBuildFile; fileRef = FF9EA7022129DE4D002E617E /* PacmanToggleDelegate.swift */; };
		FF9EA706212B67E0002E617E /* MainVCToAddDataVCTransition.swift in Sources */ = {isa = PBXBuildFile; fileRef = FF9EA705212B67E0002E617E /* MainVCToAddDataVCTransition.swift */; };
		FFDE770921357D1100701ABA /* HeightSelectorDelegate.swift in Sources */ = {isa = PBXBuildFile; fileRef = FFDE770821357D1100701ABA /* HeightSelectorDelegate.swift */; };
		FFFBDC2A211B700A00AE0493 /* bodymassKit.h in Headers */ = {isa = PBXBuildFile; fileRef = FFFBDC1A211B700A00AE0493 /* bodymassKit.h */; settings = {ATTRIBUTES = (Public, ); }; };
		FFFBDC2D211B700A00AE0493 /* bodymassKit.framework in Frameworks */ = {isa = PBXBuildFile; fileRef = FFFBDC18211B700A00AE0493 /* bodymassKit.framework */; };
		FFFBDC2E211B700A00AE0493 /* bodymassKit.framework in Embed Frameworks */ = {isa = PBXBuildFile; fileRef = FFFBDC18211B700A00AE0493 /* bodymassKit.framework */; settings = {ATTRIBUTES = (CodeSignOnCopy, RemoveHeadersOnCopy, ); }; };
/* End PBXBuildFile section */

/* Begin PBXContainerItemProxy section */
		FFFBDC2B211B700A00AE0493 /* PBXContainerItemProxy */ = {
			isa = PBXContainerItemProxy;
			containerPortal = FF3C82B4211706C400BC693A /* Project object */;
			proxyType = 1;
			remoteGlobalIDString = FFFBDC17211B700A00AE0493;
			remoteInfo = bodymassKit;
		};
/* End PBXContainerItemProxy section */

/* Begin PBXCopyFilesBuildPhase section */
		FFFBDC32211B700A00AE0493 /* Embed Frameworks */ = {
			isa = PBXCopyFilesBuildPhase;
			buildActionMask = 2147483647;
			dstPath = "";
			dstSubfolderSpec = 10;
			files = (
				FFFBDC2E211B700A00AE0493 /* bodymassKit.framework in Embed Frameworks */,
			);
			name = "Embed Frameworks";
			runOnlyForDeploymentPostprocessing = 0;
		};
/* End PBXCopyFilesBuildPhase section */

/* Begin PBXFileReference section */
		FF3C82BC211706C400BC693A /* Bodymass DEV.app */ = {isa = PBXFileReference; explicitFileType = wrapper.application; includeInIndex = 0; path = "Bodymass DEV.app"; sourceTree = BUILT_PRODUCTS_DIR; };
		FF3C82BF211706C400BC693A /* AppDelegate.swift */ = {isa = PBXFileReference; lastKnownFileType = sourcecode.swift; path = AppDelegate.swift; sourceTree = "<group>"; };
		FF3C82C1211706C400BC693A /* MainViewController.swift */ = {isa = PBXFileReference; indentWidth = 2; lastKnownFileType = sourcecode.swift; path = MainViewController.swift; sourceTree = "<group>"; tabWidth = 2; };
		FF3C82C9211706C500BC693A /* Assets.xcassets */ = {isa = PBXFileReference; lastKnownFileType = folder.assetcatalog; path = Assets.xcassets; sourceTree = "<group>"; };
		FF3C82CC211706C500BC693A /* Base */ = {isa = PBXFileReference; lastKnownFileType = file.storyboard; name = Base; path = Base.lproj/LaunchScreen.storyboard; sourceTree = "<group>"; };
		FF3C82CE211706C500BC693A /* Info.plist */ = {isa = PBXFileReference; lastKnownFileType = text.plist.xml; path = Info.plist; sourceTree = "<group>"; };
		FF3EB623214AE37800F0FD04 /* WeightSelectorDelegate.swift */ = {isa = PBXFileReference; lastKnownFileType = sourcecode.swift; path = WeightSelectorDelegate.swift; sourceTree = "<group>"; };
		FF3EB690214E6F1400F0FD04 /* Model.xcdatamodel */ = {isa = PBXFileReference; lastKnownFileType = wrapper.xcdatamodel; path = Model.xcdatamodel; sourceTree = "<group>"; };
		FF3EB692214E6F2200F0FD04 /* DataStore.swift */ = {isa = PBXFileReference; lastKnownFileType = sourcecode.swift; path = DataStore.swift; sourceTree = "<group>"; };
		FF3EB697214E721C00F0FD04 /* CoreData+.swift */ = {isa = PBXFileReference; lastKnownFileType = sourcecode.swift; path = "CoreData+.swift"; sourceTree = "<group>"; };
		FF3EB69C214E9B5D00F0FD04 /* MainInteractor.swift */ = {isa = PBXFileReference; lastKnownFileType = sourcecode.swift; path = MainInteractor.swift; sourceTree = "<group>"; };
		FF3EB69E214E9B6F00F0FD04 /* AddDataInteractor.swift */ = {isa = PBXFileReference; lastKnownFileType = sourcecode.swift; path = AddDataInteractor.swift; sourceTree = "<group>"; };
		FF598FF3212340BE0022F931 /* CustomButton.swift */ = {isa = PBXFileReference; lastKnownFileType = sourcecode.swift; path = CustomButton.swift; sourceTree = "<group>"; };
		FF757BF7212DE75500E81D50 /* AddDataVCToMainVCTransition.swift */ = {isa = PBXFileReference; lastKnownFileType = sourcecode.swift; path = AddDataVCToMainVCTransition.swift; sourceTree = "<group>"; };
		FF949B552135BA0500C00D1A /* UIImageView+.swift */ = {isa = PBXFileReference; lastKnownFileType = sourcecode.swift; path = "UIImageView+.swift"; sourceTree = "<group>"; };
		FF949B572137351C00C00D1A /* GenderSelectorDelegate.swift */ = {isa = PBXFileReference; lastKnownFileType = sourcecode.swift; path = GenderSelectorDelegate.swift; sourceTree = "<group>"; };
		FF96B430215415AB0032805D /* Gender.swift */ = {isa = PBXFileReference; lastKnownFileType = sourcecode.swift; path = Gender.swift; sourceTree = "<group>"; };
		FF96B432215415FB0032805D /* UserDefaultKeys.swift */ = {isa = PBXFileReference; lastKnownFileType = sourcecode.swift; path = UserDefaultKeys.swift; sourceTree = "<group>"; };
		FF96B4372156BA520032805D /* CFModern-Regular.ttf */ = {isa = PBXFileReference; lastKnownFileType = file; path = "CFModern-Regular.ttf"; sourceTree = "<group>"; };
		FF96B4392156BA770032805D /* CustomLabel.swift */ = {isa = PBXFileReference; lastKnownFileType = sourcecode.swift; path = CustomLabel.swift; sourceTree = "<group>"; };
		FF96B43B2156C3D90032805D /* ModernSans-Regular.ttf */ = {isa = PBXFileReference; lastKnownFileType = file; path = "ModernSans-Regular.ttf"; sourceTree = "<group>"; };
		FF9EA6F32124474A002E617E /* AddDataViewController.swift */ = {isa = PBXFileReference; lastKnownFileType = sourcecode.swift; path = AddDataViewController.swift; sourceTree = "<group>"; };
		FF9EA6F621248FAB002E617E /* UIColor+.swift */ = {isa = PBXFileReference; lastKnownFileType = sourcecode.swift; path = "UIColor+.swift"; sourceTree = "<group>"; };
		FF9EA6F921249121002E617E /* GenderSelector.swift */ = {isa = PBXFileReference; lastKnownFileType = sourcecode.swift; path = GenderSelector.swift; sourceTree = "<group>"; };
		FF9EA6FB2124912C002E617E /* HeightSelector.swift */ = {isa = PBXFileReference; lastKnownFileType = sourcecode.swift; path = HeightSelector.swift; sourceTree = "<group>"; };
		FF9EA6FD21249141002E617E /* WeightSelector.swift */ = {isa = PBXFileReference; lastKnownFileType = sourcecode.swift; path = WeightSelector.swift; sourceTree = "<group>"; };
		FF9EA6FF2124929A002E617E /* PacmanToggle.swift */ = {isa = PBXFileReference; lastKnownFileType = sourcecode.swift; path = PacmanToggle.swift; sourceTree = "<group>"; };
		FF9EA7022129DE4D002E617E /* PacmanToggleDelegate.swift */ = {isa = PBXFileReference; lastKnownFileType = sourcecode.swift; path = PacmanToggleDelegate.swift; sourceTree = "<group>"; };
		FF9EA705212B67E0002E617E /* MainVCToAddDataVCTransition.swift */ = {isa = PBXFileReference; lastKnownFileType = sourcecode.swift; path = MainVCToAddDataVCTransition.swift; sourceTree = "<group>"; };
		FFDE770821357D1100701ABA /* HeightSelectorDelegate.swift */ = {isa = PBXFileReference; lastKnownFileType = sourcecode.swift; path = HeightSelectorDelegate.swift; sourceTree = "<group>"; };
		FFFBDC082118D40000AE0493 /* AppStore.xcconfig */ = {isa = PBXFileReference; lastKnownFileType = text.xcconfig; path = AppStore.xcconfig; sourceTree = "<group>"; };
		FFFBDC092118D42100AE0493 /* Development.xcconfig */ = {isa = PBXFileReference; lastKnownFileType = text.xcconfig; path = Development.xcconfig; sourceTree = "<group>"; };
		FFFBDC18211B700A00AE0493 /* bodymassKit.framework */ = {isa = PBXFileReference; explicitFileType = wrapper.framework; includeInIndex = 0; path = bodymassKit.framework; sourceTree = BUILT_PRODUCTS_DIR; };
		FFFBDC1A211B700A00AE0493 /* bodymassKit.h */ = {isa = PBXFileReference; lastKnownFileType = sourcecode.c.h; path = bodymassKit.h; sourceTree = "<group>"; };
		FFFBDC1B211B700A00AE0493 /* Info.plist */ = {isa = PBXFileReference; lastKnownFileType = text.plist.xml; path = Info.plist; sourceTree = "<group>"; };
/* End PBXFileReference section */

/* Begin PBXFrameworksBuildPhase section */
		FF3C82B9211706C400BC693A /* Frameworks */ = {
			isa = PBXFrameworksBuildPhase;
			buildActionMask = 2147483647;
			files = (
				FFFBDC2D211B700A00AE0493 /* bodymassKit.framework in Frameworks */,
			);
			runOnlyForDeploymentPostprocessing = 0;
		};
		FFFBDC14211B700A00AE0493 /* Frameworks */ = {
			isa = PBXFrameworksBuildPhase;
			buildActionMask = 2147483647;
			files = (
			);
			runOnlyForDeploymentPostprocessing = 0;
		};
/* End PBXFrameworksBuildPhase section */

/* Begin PBXGroup section */
		FF3C82B3211706C400BC693A = {
			isa = PBXGroup;
			children = (
				FF3C82BE211706C400BC693A /* bodymass */,
				FFFBDC19211B700A00AE0493 /* bodymassKit */,
				FF3C82BD211706C400BC693A /* Products */,
			);
			sourceTree = "<group>";
		};
		FF3C82BD211706C400BC693A /* Products */ = {
			isa = PBXGroup;
			children = (
				FF3C82BC211706C400BC693A /* Bodymass DEV.app */,
				FFFBDC18211B700A00AE0493 /* bodymassKit.framework */,
			);
			name = Products;
			sourceTree = "<group>";
		};
		FF3C82BE211706C400BC693A /* bodymass */ = {
			isa = PBXGroup;
			children = (
				FF3C82BF211706C400BC693A /* AppDelegate.swift */,
				FFFBDC062118D3B600AE0493 /* ViewControllers */,
				FF9EA6F8212490FE002E617E /* Views */,
				FF3EB69B214E9ADF00F0FD04 /* Interactor */,
				FF598FEF212331790022F931 /* CustomComponents */,
				FF9EA704212B66EA002E617E /* Transitions */,
				FF9EA7012129DE24002E617E /* Protocols */,
				FF9EA6F521248F9B002E617E /* Library */,
				FFFBDC072118D3CE00AE0493 /* Configurations */,
				FF96B4342156BA1A0032805D /* Fonts */,
				FF3C82C9211706C500BC693A /* Assets.xcassets */,
				FF3C82CB211706C500BC693A /* LaunchScreen.storyboard */,
				FF3C82CE211706C500BC693A /* Info.plist */,
			);
			path = bodymass;
			sourceTree = "<group>";
		};
		FF3EB68E214E6EDF00F0FD04 /* DataStore */ = {
			isa = PBXGroup;
			children = (
				FF3EB692214E6F2200F0FD04 /* DataStore.swift */,
				FF3EB68F214E6F1400F0FD04 /* Model.xcdatamodeld */,
			);
			path = DataStore;
			sourceTree = "<group>";
		};
		FF3EB696214E720C00F0FD04 /* Library */ = {
			isa = PBXGroup;
			children = (
				FF3EB697214E721C00F0FD04 /* CoreData+.swift */,
			);
			path = Library;
			sourceTree = "<group>";
		};
		FF3EB69B214E9ADF00F0FD04 /* Interactor */ = {
			isa = PBXGroup;
			children = (
				FF3EB69C214E9B5D00F0FD04 /* MainInteractor.swift */,
				FF3EB69E214E9B6F00F0FD04 /* AddDataInteractor.swift */,
			);
			path = Interactor;
			sourceTree = "<group>";
		};
		FF598FEF212331790022F931 /* CustomComponents */ = {
			isa = PBXGroup;
			children = (
				FF598FF3212340BE0022F931 /* CustomButton.swift */,
				FF96B4392156BA770032805D /* CustomLabel.swift */,
			);
			path = CustomComponents;
			sourceTree = "<group>";
		};
		FF96B42F2154159E0032805D /* Enums */ = {
			isa = PBXGroup;
			children = (
				FF96B430215415AB0032805D /* Gender.swift */,
				FF96B432215415FB0032805D /* UserDefaultKeys.swift */,
			);
			path = Enums;
			sourceTree = "<group>";
		};
		FF96B4342156BA1A0032805D /* Fonts */ = {
			isa = PBXGroup;
			children = (
				FF96B43B2156C3D90032805D /* ModernSans-Regular.ttf */,
				FF96B4372156BA520032805D /* CFModern-Regular.ttf */,
			);
			path = Fonts;
			sourceTree = "<group>";
		};
		FF9EA6F521248F9B002E617E /* Library */ = {
			isa = PBXGroup;
			children = (
				FF9EA6F621248FAB002E617E /* UIColor+.swift */,
				FF949B552135BA0500C00D1A /* UIImageView+.swift */,
			);
			path = Library;
			sourceTree = "<group>";
		};
		FF9EA6F8212490FE002E617E /* Views */ = {
			isa = PBXGroup;
			children = (
				FF9EA6F921249121002E617E /* GenderSelector.swift */,
				FF9EA6FB2124912C002E617E /* HeightSelector.swift */,
				FF9EA6FD21249141002E617E /* WeightSelector.swift */,
				FF9EA6FF2124929A002E617E /* PacmanToggle.swift */,
			);
			path = Views;
			sourceTree = "<group>";
		};
		FF9EA7012129DE24002E617E /* Protocols */ = {
			isa = PBXGroup;
			children = (
				FF9EA7022129DE4D002E617E /* PacmanToggleDelegate.swift */,
				FFDE770821357D1100701ABA /* HeightSelectorDelegate.swift */,
				FF3EB623214AE37800F0FD04 /* WeightSelectorDelegate.swift */,
				FF949B572137351C00C00D1A /* GenderSelectorDelegate.swift */,
			);
			path = Protocols;
			sourceTree = "<group>";
		};
		FF9EA704212B66EA002E617E /* Transitions */ = {
			isa = PBXGroup;
			children = (
				FF9EA705212B67E0002E617E /* MainVCToAddDataVCTransition.swift */,
				FF757BF7212DE75500E81D50 /* AddDataVCToMainVCTransition.swift */,
			);
			path = Transitions;
			sourceTree = "<group>";
		};
		FFFBDC062118D3B600AE0493 /* ViewControllers */ = {
			isa = PBXGroup;
			children = (
				FF3C82C1211706C400BC693A /* MainViewController.swift */,
				FF9EA6F32124474A002E617E /* AddDataViewController.swift */,
			);
			path = ViewControllers;
			sourceTree = "<group>";
		};
		FFFBDC072118D3CE00AE0493 /* Configurations */ = {
			isa = PBXGroup;
			children = (
				FFFBDC082118D40000AE0493 /* AppStore.xcconfig */,
				FFFBDC092118D42100AE0493 /* Development.xcconfig */,
			);
			path = Configurations;
			sourceTree = "<group>";
		};
		FFFBDC19211B700A00AE0493 /* bodymassKit */ = {
			isa = PBXGroup;
			children = (
				FF96B42F2154159E0032805D /* Enums */,
				FF3EB68E214E6EDF00F0FD04 /* DataStore */,
				FF3EB696214E720C00F0FD04 /* Library */,
				FFFBDC1A211B700A00AE0493 /* bodymassKit.h */,
				FFFBDC1B211B700A00AE0493 /* Info.plist */,
			);
			path = bodymassKit;
			sourceTree = "<group>";
		};
/* End PBXGroup section */

/* Begin PBXHeadersBuildPhase section */
		FFFBDC15211B700A00AE0493 /* Headers */ = {
			isa = PBXHeadersBuildPhase;
			buildActionMask = 2147483647;
			files = (
				FFFBDC2A211B700A00AE0493 /* bodymassKit.h in Headers */,
			);
			runOnlyForDeploymentPostprocessing = 0;
		};
/* End PBXHeadersBuildPhase section */

/* Begin PBXNativeTarget section */
		FF3C82BB211706C400BC693A /* bodymass */ = {
			isa = PBXNativeTarget;
			buildConfigurationList = FF3C82E7211706C500BC693A /* Build configuration list for PBXNativeTarget "bodymass" */;
			buildPhases = (
				FF3C82B8211706C400BC693A /* Sources */,
				FF3C82B9211706C400BC693A /* Frameworks */,
				FF3C82BA211706C400BC693A /* Resources */,
				FFFBDC32211B700A00AE0493 /* Embed Frameworks */,
			);
			buildRules = (
			);
			dependencies = (
				FFFBDC2C211B700A00AE0493 /* PBXTargetDependency */,
			);
			name = bodymass;
			productName = bodymass;
			productReference = FF3C82BC211706C400BC693A /* Bodymass DEV.app */;
			productType = "com.apple.product-type.application";
		};
		FFFBDC17211B700A00AE0493 /* bodymassKit */ = {
			isa = PBXNativeTarget;
			buildConfigurationList = FFFBDC2F211B700A00AE0493 /* Build configuration list for PBXNativeTarget "bodymassKit" */;
			buildPhases = (
				FFFBDC13211B700A00AE0493 /* Sources */,
				FFFBDC14211B700A00AE0493 /* Frameworks */,
				FFFBDC15211B700A00AE0493 /* Headers */,
				FFFBDC16211B700A00AE0493 /* Resources */,
			);
			buildRules = (
			);
			dependencies = (
			);
			name = bodymassKit;
			productName = bodymassKit;
			productReference = FFFBDC18211B700A00AE0493 /* bodymassKit.framework */;
			productType = "com.apple.product-type.framework";
		};
/* End PBXNativeTarget section */

/* Begin PBXProject section */
		FF3C82B4211706C400BC693A /* Project object */ = {
			isa = PBXProject;
			attributes = {
				LastSwiftUpdateCheck = 0940;
				LastUpgradeCheck = 0940;
				ORGANIZATIONNAME = "Josep Bordes Jové";
				TargetAttributes = {
					FF3C82BB211706C400BC693A = {
						CreatedOnToolsVersion = 9.4.1;
						LastSwiftMigration = 1000;
					};
					FFFBDC17211B700A00AE0493 = {
						CreatedOnToolsVersion = 9.4.1;
						LastSwiftMigration = 1000;
					};
				};
			};
			buildConfigurationList = FF3C82B7211706C400BC693A /* Build configuration list for PBXProject "bodymass" */;
			compatibilityVersion = "Xcode 9.3";
			developmentRegion = en;
			hasScannedForEncodings = 0;
			knownRegions = (
				en,
				Base,
			);
			mainGroup = FF3C82B3211706C400BC693A;
			productRefGroup = FF3C82BD211706C400BC693A /* Products */;
			projectDirPath = "";
			projectRoot = "";
			targets = (
				FF3C82BB211706C400BC693A /* bodymass */,
				FFFBDC17211B700A00AE0493 /* bodymassKit */,
			);
		};
/* End PBXProject section */

/* Begin PBXResourcesBuildPhase section */
		FF3C82BA211706C400BC693A /* Resources */ = {
			isa = PBXResourcesBuildPhase;
			buildActionMask = 2147483647;
			files = (
				FF3C82CD211706C500BC693A /* LaunchScreen.storyboard in Resources */,
				FF96B4382156BA520032805D /* CFModern-Regular.ttf in Resources */,
				FF3C82CA211706C500BC693A /* Assets.xcassets in Resources */,
				FF96B43C2156C3D90032805D /* ModernSans-Regular.ttf in Resources */,
			);
			runOnlyForDeploymentPostprocessing = 0;
		};
		FFFBDC16211B700A00AE0493 /* Resources */ = {
			isa = PBXResourcesBuildPhase;
			buildActionMask = 2147483647;
			files = (
			);
			runOnlyForDeploymentPostprocessing = 0;
		};
/* End PBXResourcesBuildPhase section */

/* Begin PBXSourcesBuildPhase section */
		FF3C82B8211706C400BC693A /* Sources */ = {
			isa = PBXSourcesBuildPhase;
			buildActionMask = 2147483647;
			files = (
				FF9EA706212B67E0002E617E /* MainVCToAddDataVCTransition.swift in Sources */,
				FF9EA6FE21249141002E617E /* WeightSelector.swift in Sources */,
				FF96B43A2156BA770032805D /* CustomLabel.swift in Sources */,
				FF757BF8212DE75500E81D50 /* AddDataVCToMainVCTransition.swift in Sources */,
				FF9EA6F42124474A002E617E /* AddDataViewController.swift in Sources */,
				FF949B582137351C00C00D1A /* GenderSelectorDelegate.swift in Sources */,
				FF9EA6F721248FAB002E617E /* UIColor+.swift in Sources */,
				FF3EB69F214E9B6F00F0FD04 /* AddDataInteractor.swift in Sources */,
				FF598FF4212340BE0022F931 /* CustomButton.swift in Sources */,
				FF9EA7032129DE4D002E617E /* PacmanToggleDelegate.swift in Sources */,
				FF3C82C2211706C400BC693A /* MainViewController.swift in Sources */,
				FF9EA6FC2124912C002E617E /* HeightSelector.swift in Sources */,
				FF949B562135BA0500C00D1A /* UIImageView+.swift in Sources */,
				FF3EB624214AE37800F0FD04 /* WeightSelectorDelegate.swift in Sources */,
				FF9EA7002124929A002E617E /* PacmanToggle.swift in Sources */,
				FF3C82C0211706C400BC693A /* AppDelegate.swift in Sources */,
				FF9EA6FA21249121002E617E /* GenderSelector.swift in Sources */,
				FF3EB69D214E9B5D00F0FD04 /* MainInteractor.swift in Sources */,
				FFDE770921357D1100701ABA /* HeightSelectorDelegate.swift in Sources */,
			);
			runOnlyForDeploymentPostprocessing = 0;
		};
		FFFBDC13211B700A00AE0493 /* Sources */ = {
			isa = PBXSourcesBuildPhase;
			buildActionMask = 2147483647;
			files = (
				FF96B433215415FB0032805D /* UserDefaultKeys.swift in Sources */,
				FF96B431215415AB0032805D /* Gender.swift in Sources */,
				FF3EB691214E6F1400F0FD04 /* Model.xcdatamodeld in Sources */,
				FF3EB693214E6F2200F0FD04 /* DataStore.swift in Sources */,
				FF3EB698214E721C00F0FD04 /* CoreData+.swift in Sources */,
			);
			runOnlyForDeploymentPostprocessing = 0;
		};
/* End PBXSourcesBuildPhase section */

/* Begin PBXTargetDependency section */
		FFFBDC2C211B700A00AE0493 /* PBXTargetDependency */ = {
			isa = PBXTargetDependency;
			target = FFFBDC17211B700A00AE0493 /* bodymassKit */;
			targetProxy = FFFBDC2B211B700A00AE0493 /* PBXContainerItemProxy */;
		};
/* End PBXTargetDependency section */

/* Begin PBXVariantGroup section */
		FF3C82CB211706C500BC693A /* LaunchScreen.storyboard */ = {
			isa = PBXVariantGroup;
			children = (
				FF3C82CC211706C500BC693A /* Base */,
			);
			name = LaunchScreen.storyboard;
			sourceTree = "<group>";
		};
/* End PBXVariantGroup section */

/* Begin XCBuildConfiguration section */
		FF3C82E5211706C500BC693A /* Debug */ = {
			isa = XCBuildConfiguration;
			baseConfigurationReference = FFFBDC092118D42100AE0493 /* Development.xcconfig */;
			buildSettings = {
				ALWAYS_SEARCH_USER_PATHS = NO;
				CLANG_ANALYZER_NONNULL = YES;
				CLANG_ANALYZER_NUMBER_OBJECT_CONVERSION = YES_AGGRESSIVE;
				CLANG_CXX_LANGUAGE_STANDARD = "gnu++14";
				CLANG_CXX_LIBRARY = "libc++";
				CLANG_ENABLE_MODULES = YES;
				CLANG_ENABLE_OBJC_ARC = YES;
				CLANG_ENABLE_OBJC_WEAK = YES;
				CLANG_WARN_BLOCK_CAPTURE_AUTORELEASING = YES;
				CLANG_WARN_BOOL_CONVERSION = YES;
				CLANG_WARN_COMMA = YES;
				CLANG_WARN_CONSTANT_CONVERSION = YES;
				CLANG_WARN_DEPRECATED_OBJC_IMPLEMENTATIONS = YES;
				CLANG_WARN_DIRECT_OBJC_ISA_USAGE = YES_ERROR;
				CLANG_WARN_DOCUMENTATION_COMMENTS = YES;
				CLANG_WARN_EMPTY_BODY = YES;
				CLANG_WARN_ENUM_CONVERSION = YES;
				CLANG_WARN_INFINITE_RECURSION = YES;
				CLANG_WARN_INT_CONVERSION = YES;
				CLANG_WARN_NON_LITERAL_NULL_CONVERSION = YES;
				CLANG_WARN_OBJC_IMPLICIT_RETAIN_SELF = YES;
				CLANG_WARN_OBJC_LITERAL_CONVERSION = YES;
				CLANG_WARN_OBJC_ROOT_CLASS = YES_ERROR;
				CLANG_WARN_RANGE_LOOP_ANALYSIS = YES;
				CLANG_WARN_STRICT_PROTOTYPES = YES;
				CLANG_WARN_SUSPICIOUS_MOVE = YES;
				CLANG_WARN_UNGUARDED_AVAILABILITY = YES_AGGRESSIVE;
				CLANG_WARN_UNREACHABLE_CODE = YES;
				CLANG_WARN__DUPLICATE_METHOD_MATCH = YES;
				CODE_SIGN_IDENTITY = "iPhone Developer";
				COPY_PHASE_STRIP = NO;
				DEBUG_INFORMATION_FORMAT = dwarf;
				ENABLE_STRICT_OBJC_MSGSEND = YES;
				ENABLE_TESTABILITY = YES;
				GCC_C_LANGUAGE_STANDARD = gnu11;
				GCC_DYNAMIC_NO_PIC = NO;
				GCC_NO_COMMON_BLOCKS = YES;
				GCC_OPTIMIZATION_LEVEL = 0;
				GCC_PREPROCESSOR_DEFINITIONS = (
					"DEBUG=1",
					"$(inherited)",
				);
				GCC_WARN_64_TO_32_BIT_CONVERSION = YES;
				GCC_WARN_ABOUT_RETURN_TYPE = YES_ERROR;
				GCC_WARN_UNDECLARED_SELECTOR = YES;
				GCC_WARN_UNINITIALIZED_AUTOS = YES_AGGRESSIVE;
				GCC_WARN_UNUSED_FUNCTION = YES;
				GCC_WARN_UNUSED_VARIABLE = YES;
				IPHONEOS_DEPLOYMENT_TARGET = 11.4;
				MTL_ENABLE_DEBUG_INFO = YES;
				ONLY_ACTIVE_ARCH = YES;
				SDKROOT = iphoneos;
				SWIFT_ACTIVE_COMPILATION_CONDITIONS = DEBUG;
				SWIFT_OPTIMIZATION_LEVEL = "-Onone";
			};
			name = Debug;
		};
		FF3C82E6211706C500BC693A /* Release */ = {
			isa = XCBuildConfiguration;
			baseConfigurationReference = FFFBDC082118D40000AE0493 /* AppStore.xcconfig */;
			buildSettings = {
				ALWAYS_SEARCH_USER_PATHS = NO;
				CLANG_ANALYZER_NONNULL = YES;
				CLANG_ANALYZER_NUMBER_OBJECT_CONVERSION = YES_AGGRESSIVE;
				CLANG_CXX_LANGUAGE_STANDARD = "gnu++14";
				CLANG_CXX_LIBRARY = "libc++";
				CLANG_ENABLE_MODULES = YES;
				CLANG_ENABLE_OBJC_ARC = YES;
				CLANG_ENABLE_OBJC_WEAK = YES;
				CLANG_WARN_BLOCK_CAPTURE_AUTORELEASING = YES;
				CLANG_WARN_BOOL_CONVERSION = YES;
				CLANG_WARN_COMMA = YES;
				CLANG_WARN_CONSTANT_CONVERSION = YES;
				CLANG_WARN_DEPRECATED_OBJC_IMPLEMENTATIONS = YES;
				CLANG_WARN_DIRECT_OBJC_ISA_USAGE = YES_ERROR;
				CLANG_WARN_DOCUMENTATION_COMMENTS = YES;
				CLANG_WARN_EMPTY_BODY = YES;
				CLANG_WARN_ENUM_CONVERSION = YES;
				CLANG_WARN_INFINITE_RECURSION = YES;
				CLANG_WARN_INT_CONVERSION = YES;
				CLANG_WARN_NON_LITERAL_NULL_CONVERSION = YES;
				CLANG_WARN_OBJC_IMPLICIT_RETAIN_SELF = YES;
				CLANG_WARN_OBJC_LITERAL_CONVERSION = YES;
				CLANG_WARN_OBJC_ROOT_CLASS = YES_ERROR;
				CLANG_WARN_RANGE_LOOP_ANALYSIS = YES;
				CLANG_WARN_STRICT_PROTOTYPES = YES;
				CLANG_WARN_SUSPICIOUS_MOVE = YES;
				CLANG_WARN_UNGUARDED_AVAILABILITY = YES_AGGRESSIVE;
				CLANG_WARN_UNREACHABLE_CODE = YES;
				CLANG_WARN__DUPLICATE_METHOD_MATCH = YES;
				CODE_SIGN_IDENTITY = "iPhone Developer";
				COPY_PHASE_STRIP = NO;
				DEBUG_INFORMATION_FORMAT = "dwarf-with-dsym";
				ENABLE_NS_ASSERTIONS = NO;
				ENABLE_STRICT_OBJC_MSGSEND = YES;
				GCC_C_LANGUAGE_STANDARD = gnu11;
				GCC_NO_COMMON_BLOCKS = YES;
				GCC_WARN_64_TO_32_BIT_CONVERSION = YES;
				GCC_WARN_ABOUT_RETURN_TYPE = YES_ERROR;
				GCC_WARN_UNDECLARED_SELECTOR = YES;
				GCC_WARN_UNINITIALIZED_AUTOS = YES_AGGRESSIVE;
				GCC_WARN_UNUSED_FUNCTION = YES;
				GCC_WARN_UNUSED_VARIABLE = YES;
				IPHONEOS_DEPLOYMENT_TARGET = 11.4;
				MTL_ENABLE_DEBUG_INFO = NO;
				SDKROOT = iphoneos;
				SWIFT_COMPILATION_MODE = wholemodule;
				SWIFT_OPTIMIZATION_LEVEL = "-O";
				VALIDATE_PRODUCT = YES;
			};
			name = Release;
		};
		FF3C82E8211706C500BC693A /* Debug */ = {
			isa = XCBuildConfiguration;
			baseConfigurationReference = FFFBDC092118D42100AE0493 /* Development.xcconfig */;
			buildSettings = {
				ALWAYS_EMBED_SWIFT_STANDARD_LIBRARIES = YES;
				ASSETCATALOG_COMPILER_APPICON_NAME = "${APP_ICON}";
				CODE_SIGN_STYLE = Automatic;
				DEVELOPMENT_TEAM = 2DX87RQR8M;
				INFOPLIST_FILE = bodymass/Info.plist;
				LD_RUNPATH_SEARCH_PATHS = (
					"$(inherited)",
					"@executable_path/Frameworks",
				);
				PRODUCT_NAME = "${APP_DISPLAY_NAME}";
				SWIFT_VERSION = 4.2;
				TARGETED_DEVICE_FAMILY = 1;
			};
			name = Debug;
		};
		FF3C82E9211706C500BC693A /* Release */ = {
			isa = XCBuildConfiguration;
			baseConfigurationReference = FFFBDC082118D40000AE0493 /* AppStore.xcconfig */;
			buildSettings = {
				ALWAYS_EMBED_SWIFT_STANDARD_LIBRARIES = YES;
				ASSETCATALOG_COMPILER_APPICON_NAME = "${APP_ICON}";
				CODE_SIGN_STYLE = Automatic;
				DEVELOPMENT_TEAM = 2DX87RQR8M;
				INFOPLIST_FILE = bodymass/Info.plist;
				LD_RUNPATH_SEARCH_PATHS = (
					"$(inherited)",
					"@executable_path/Frameworks",
				);
				PRODUCT_NAME = "${APP_DISPLAY_NAME}";
				SWIFT_VERSION = 4.2;
				TARGETED_DEVICE_FAMILY = 1;
			};
			name = Release;
		};
		FFFBDC30211B700A00AE0493 /* Debug */ = {
			isa = XCBuildConfiguration;
			baseConfigurationReference = FFFBDC092118D42100AE0493 /* Development.xcconfig */;
			buildSettings = {
				CLANG_ENABLE_MODULES = YES;
				CODE_SIGN_IDENTITY = "";
				CODE_SIGN_STYLE = Automatic;
				CURRENT_PROJECT_VERSION = 1;
				DEFINES_MODULE = YES;
				DEVELOPMENT_TEAM = 2DX87RQR8M;
				DYLIB_COMPATIBILITY_VERSION = 1;
				DYLIB_CURRENT_VERSION = 1;
				DYLIB_INSTALL_NAME_BASE = "@rpath";
				INFOPLIST_FILE = bodymassKit/Info.plist;
				INSTALL_PATH = "$(LOCAL_LIBRARY_DIR)/Frameworks";
				LD_RUNPATH_SEARCH_PATHS = (
					"$(inherited)",
					"@executable_path/Frameworks",
					"@loader_path/Frameworks",
				);
				PRODUCT_BUNDLE_IDENTIFIER = com.josepbordes.bodymassKit;
				PRODUCT_NAME = "$(TARGET_NAME:c99extidentifier)";
				SKIP_INSTALL = YES;
				SWIFT_OPTIMIZATION_LEVEL = "-Onone";
				SWIFT_VERSION = 4.2;
				TARGETED_DEVICE_FAMILY = "1,2";
				VERSIONING_SYSTEM = "apple-generic";
				VERSION_INFO_PREFIX = "";
			};
			name = Debug;
		};
		FFFBDC31211B700A00AE0493 /* Release */ = {
			isa = XCBuildConfiguration;
			baseConfigurationReference = FFFBDC082118D40000AE0493 /* AppStore.xcconfig */;
			buildSettings = {
				CLANG_ENABLE_MODULES = YES;
				CODE_SIGN_IDENTITY = "";
				CODE_SIGN_STYLE = Automatic;
				CURRENT_PROJECT_VERSION = 1;
				DEFINES_MODULE = YES;
				DEVELOPMENT_TEAM = 2DX87RQR8M;
				DYLIB_COMPATIBILITY_VERSION = 1;
				DYLIB_CURRENT_VERSION = 1;
				DYLIB_INSTALL_NAME_BASE = "@rpath";
				INFOPLIST_FILE = bodymassKit/Info.plist;
				INSTALL_PATH = "$(LOCAL_LIBRARY_DIR)/Frameworks";
				LD_RUNPATH_SEARCH_PATHS = (
					"$(inherited)",
					"@executable_path/Frameworks",
					"@loader_path/Frameworks",
				);
				PRODUCT_BUNDLE_IDENTIFIER = com.josepbordes.bodymassKit;
				PRODUCT_NAME = "$(TARGET_NAME:c99extidentifier)";
				SKIP_INSTALL = YES;
				SWIFT_VERSION = 4.2;
				TARGETED_DEVICE_FAMILY = "1,2";
				VERSIONING_SYSTEM = "apple-generic";
				VERSION_INFO_PREFIX = "";
			};
			name = Release;
		};
/* End XCBuildConfiguration section */

/* Begin XCConfigurationList section */
		FF3C82B7211706C400BC693A /* Build configuration list for PBXProject "bodymass" */ = {
			isa = XCConfigurationList;
			buildConfigurations = (
				FF3C82E5211706C500BC693A /* Debug */,
				FF3C82E6211706C500BC693A /* Release */,
			);
			defaultConfigurationIsVisible = 0;
			defaultConfigurationName = Release;
		};
		FF3C82E7211706C500BC693A /* Build configuration list for PBXNativeTarget "bodymass" */ = {
			isa = XCConfigurationList;
			buildConfigurations = (
				FF3C82E8211706C500BC693A /* Debug */,
				FF3C82E9211706C500BC693A /* Release */,
			);
			defaultConfigurationIsVisible = 0;
			defaultConfigurationName = Release;
		};
		FFFBDC2F211B700A00AE0493 /* Build configuration list for PBXNativeTarget "bodymassKit" */ = {
			isa = XCConfigurationList;
			buildConfigurations = (
				FFFBDC30211B700A00AE0493 /* Debug */,
				FFFBDC31211B700A00AE0493 /* Release */,
			);
			defaultConfigurationIsVisible = 0;
			defaultConfigurationName = Release;
		};
/* End XCConfigurationList section */

/* Begin XCVersionGroup section */
		FF3EB68F214E6F1400F0FD04 /* Model.xcdatamodeld */ = {
			isa = XCVersionGroup;
			children = (
				FF3EB690214E6F1400F0FD04 /* Model.xcdatamodel */,
			);
			currentVersion = FF3EB690214E6F1400F0FD04 /* Model.xcdatamodel */;
			path = Model.xcdatamodeld;
			sourceTree = "<group>";
			versionGroupType = wrapper.xcdatamodel;
		};
/* End XCVersionGroup section */
	};
	rootObject = FF3C82B4211706C400BC693A /* Project object */;
}
